// !$*UTF8*$!
{
	archiveVersion = 1;
	classes = {
	};
	objectVersion = 77;
	objects = {

/* Begin PBXContainerItemProxy section */
		CF0FF55D2E2DC68D00696336 /* PBXContainerItemProxy */ = {
			isa = PBXContainerItemProxy;
			containerPortal = CF0FF4EB2E2D310400696336 /* Project object */;
			proxyType = 1;
			remoteGlobalIDString = CF0FF4F22E2D310400696336;
			remoteInfo = MLBusca;
		};
/* End PBXContainerItemProxy section */

/* Begin PBXFileReference section */
		CF0FF4F32E2D310400696336 /* MLBusca.app */ = {isa = PBXFileReference; explicitFileType = wrapper.application; includeInIndex = 0; path = MLBusca.app; sourceTree = BUILT_PRODUCTS_DIR; };
		CF0FF5592E2DC68D00696336 /* MLBuscaTests.xctest */ = {isa = PBXFileReference; explicitFileType = wrapper.cfbundle; includeInIndex = 0; path = MLBuscaTests.xctest; sourceTree = BUILT_PRODUCTS_DIR; };
/* End PBXFileReference section */

/* Begin PBXFileSystemSynchronizedBuildFileExceptionSet section */
		CF0FF5052E2D310600696336 /* Exceptions for "MLBusca" folder in "MLBusca" target */ = {
			isa = PBXFileSystemSynchronizedBuildFileExceptionSet;
			membershipExceptions = (
				Info.plist,
			);
			target = CF0FF4F22E2D310400696336 /* MLBusca */;
		};
		CF5EE59A2E2FAF9C009AB75B /* Exceptions for "MLBusca" folder in "MLBuscaTests" target */ = {
			isa = PBXFileSystemSynchronizedBuildFileExceptionSet;
			membershipExceptions = (
				"Mock Data/arroz/item-MLA1234-category.json",
				"Mock Data/arroz/item-MLA1234-description.json",
				"Mock Data/arroz/item-MLA1234.json",
				"Mock Data/arroz/item-MLA1400724165-category.json",
				"Mock Data/arroz/item-MLA1400724165-description.json",
				"Mock Data/arroz/item-MLA1400724165.json",
				"Mock Data/arroz/item-MLA1411360722-category.json",
				"Mock Data/arroz/item-MLA1411360722-description.json",
				"Mock Data/arroz/item-MLA1411360722.json",
				"Mock Data/arroz/item-MLA1781975648-category.json",
				"Mock Data/arroz/item-MLA1781975648-description.json",
				"Mock Data/arroz/item-MLA1781975648.json",
				"Mock Data/arroz/search-MLA-arroz.json",
				"Mock Data/cafe/item-MLB3128412969-category.json",
				"Mock Data/cafe/item-MLB3128412969-description.json",
				"Mock Data/cafe/item-MLB3128412969.json",
				"Mock Data/cafe/item-MLB3647888693-category.json",
				"Mock Data/cafe/item-MLB3647888693-description.json",
				"Mock Data/cafe/item-MLB3647888693.json",
				"Mock Data/cafe/item-MLB3998144995-category.json",
				"Mock Data/cafe/item-MLB3998144995-description.json",
				"Mock Data/cafe/item-MLB3998144995.json",
				"Mock Data/cafe/search-MLA-cafe.json",
				"Mock Data/camisa/item-MLA738241667-category.json",
				"Mock Data/camisa/item-MLA738241667-description.json",
				"Mock Data/camisa/item-MLA738241667.json",
				"Mock Data/camisa/item-MLA904895322-category.json",
				"Mock Data/camisa/item-MLA904895322-description.json",
				"Mock Data/camisa/item-MLA904895322.json",
				"Mock Data/camisa/item-MLA1385224303-category.json",
				"Mock Data/camisa/item-MLA1385224303-description.json",
				"Mock Data/camisa/item-MLA1385224303.json",
				"Mock Data/camisa/search-MLA-camisa.json",
				"Mock Data/iphone/item-MLA1116621831-category.json",
				"Mock Data/iphone/item-MLA1116621831-description.json",
				"Mock Data/iphone/item-MLA1116621831.json",
				"Mock Data/iphone/item-MLA1998544776-category.json",
				"Mock Data/iphone/item-MLA1998544776-description.json",
				"Mock Data/iphone/item-MLA1998544776.json",
				"Mock Data/iphone/item-MLA2005705454-category.json",
				"Mock Data/iphone/item-MLA2005705454-description.json",
				"Mock Data/iphone/item-MLA2005705454.json",
				"Mock Data/iphone/search-MLA-iphone.json",
				"Mock Data/zapatilhas/item-MLA1679049946-category.json",
				"Mock Data/zapatilhas/item-MLA1679049946-description.json",
				"Mock Data/zapatilhas/item-MLA1679049946.json",
				"Mock Data/zapatilhas/item-MLA1884722608-category.json",
				"Mock Data/zapatilhas/item-MLA1884722608-description.json",
				"Mock Data/zapatilhas/item-MLA1884722608.json",
				"Mock Data/zapatilhas/item-MLA1975936620-category.json",
				"Mock Data/zapatilhas/item-MLA1975936620-description.json",
				"Mock Data/zapatilhas/item-MLA1975936620.json",
				"Mock Data/zapatilhas/search-MLA-zapatillas.json",
			);
			target = CF0FF5582E2DC68D00696336 /* MLBuscaTests */;
		};
/* End PBXFileSystemSynchronizedBuildFileExceptionSet section */

/* Begin PBXFileSystemSynchronizedRootGroup section */
		CF0FF4F52E2D310400696336 /* MLBusca */ = {
			isa = PBXFileSystemSynchronizedRootGroup;
			exceptions = (
				CF0FF5052E2D310600696336 /* Exceptions for "MLBusca" folder in "MLBusca" target */,
				CF5EE59A2E2FAF9C009AB75B /* Exceptions for "MLBusca" folder in "MLBuscaTests" target */,
			);
			path = MLBusca;
			sourceTree = "<group>";
		};
		CF0FF55A2E2DC68D00696336 /* MLBuscaTests */ = {
			isa = PBXFileSystemSynchronizedRootGroup;
			path = MLBuscaTests;
			sourceTree = "<group>";
		};
/* End PBXFileSystemSynchronizedRootGroup section */

/* Begin PBXFrameworksBuildPhase section */
		CF0FF4F02E2D310400696336 /* Frameworks */ = {
			isa = PBXFrameworksBuildPhase;
			buildActionMask = 2147483647;
			files = (
			);
			runOnlyForDeploymentPostprocessing = 0;
		};
		CF0FF5562E2DC68D00696336 /* Frameworks */ = {
			isa = PBXFrameworksBuildPhase;
			buildActionMask = 2147483647;
			files = (
			);
			runOnlyForDeploymentPostprocessing = 0;
		};
/* End PBXFrameworksBuildPhase section */

/* Begin PBXGroup section */
		CF0FF4EA2E2D310400696336 = {
			isa = PBXGroup;
			children = (
				CF0FF4F52E2D310400696336 /* MLBusca */,
				CF0FF55A2E2DC68D00696336 /* MLBuscaTests */,
				CF0FF4F42E2D310400696336 /* Products */,
			);
			sourceTree = "<group>";
		};
		CF0FF4F42E2D310400696336 /* Products */ = {
			isa = PBXGroup;
			children = (
				CF0FF4F32E2D310400696336 /* MLBusca.app */,
				CF0FF5592E2DC68D00696336 /* MLBuscaTests.xctest */,
			);
			name = Products;
			sourceTree = "<group>";
		};
/* End PBXGroup section */

/* Begin PBXNativeTarget section */
		CF0FF4F22E2D310400696336 /* MLBusca */ = {
			isa = PBXNativeTarget;
			buildConfigurationList = CF0FF5062E2D310600696336 /* Build configuration list for PBXNativeTarget "MLBusca" */;
			buildPhases = (
				CF0FF4EF2E2D310400696336 /* Sources */,
				CF0FF4F02E2D310400696336 /* Frameworks */,
				CF0FF4F12E2D310400696336 /* Resources */,
			);
			buildRules = (
			);
			dependencies = (
			);
			fileSystemSynchronizedGroups = (
				CF0FF4F52E2D310400696336 /* MLBusca */,
			);
			name = MLBusca;
			packageProductDependencies = (
			);
			productName = MLBusca;
			productReference = CF0FF4F32E2D310400696336 /* MLBusca.app */;
			productType = "com.apple.product-type.application";
		};
		CF0FF5582E2DC68D00696336 /* MLBuscaTests */ = {
			isa = PBXNativeTarget;
			buildConfigurationList = CF0FF55F2E2DC68D00696336 /* Build configuration list for PBXNativeTarget "MLBuscaTests" */;
			buildPhases = (
				CF0FF5552E2DC68D00696336 /* Sources */,
				CF0FF5562E2DC68D00696336 /* Frameworks */,
				CF0FF5572E2DC68D00696336 /* Resources */,
			);
			buildRules = (
			);
			dependencies = (
				CF0FF55E2E2DC68D00696336 /* PBXTargetDependency */,
			);
			fileSystemSynchronizedGroups = (
				CF0FF55A2E2DC68D00696336 /* MLBuscaTests */,
			);
			name = MLBuscaTests;
			packageProductDependencies = (
			);
			productName = MLBuscaTests;
			productReference = CF0FF5592E2DC68D00696336 /* MLBuscaTests.xctest */;
			productType = "com.apple.product-type.bundle.unit-test";
		};
/* End PBXNativeTarget section */

/* Begin PBXProject section */
		CF0FF4EB2E2D310400696336 /* Project object */ = {
			isa = PBXProject;
			attributes = {
				BuildIndependentTargetsInParallel = 1;
				LastSwiftUpdateCheck = 1630;
				LastUpgradeCheck = 1630;
				TargetAttributes = {
					CF0FF4F22E2D310400696336 = {
						CreatedOnToolsVersion = 16.3;
					};
					CF0FF5582E2DC68D00696336 = {
						CreatedOnToolsVersion = 16.3;
						TestTargetID = CF0FF4F22E2D310400696336;
					};
				};
			};
			buildConfigurationList = CF0FF4EE2E2D310400696336 /* Build configuration list for PBXProject "MLBusca" */;
			developmentRegion = en;
			hasScannedForEncodings = 0;
			knownRegions = (
				en,
				Base,
			);
			mainGroup = CF0FF4EA2E2D310400696336;
			minimizedProjectReferenceProxies = 1;
			preferredProjectObjectVersion = 77;
			productRefGroup = CF0FF4F42E2D310400696336 /* Products */;
			projectDirPath = "";
			projectRoot = "";
			targets = (
				CF0FF4F22E2D310400696336 /* MLBusca */,
				CF0FF5582E2DC68D00696336 /* MLBuscaTests */,
			);
		};
/* End PBXProject section */

/* Begin PBXResourcesBuildPhase section */
		CF0FF4F12E2D310400696336 /* Resources */ = {
			isa = PBXResourcesBuildPhase;
			buildActionMask = 2147483647;
			files = (
			);
			runOnlyForDeploymentPostprocessing = 0;
		};
		CF0FF5572E2DC68D00696336 /* Resources */ = {
			isa = PBXResourcesBuildPhase;
			buildActionMask = 2147483647;
			files = (
			);
			runOnlyForDeploymentPostprocessing = 0;
		};
/* End PBXResourcesBuildPhase section */

/* Begin PBXSourcesBuildPhase section */
		CF0FF4EF2E2D310400696336 /* Sources */ = {
			isa = PBXSourcesBuildPhase;
			buildActionMask = 2147483647;
			files = (
			);
			runOnlyForDeploymentPostprocessing = 0;
		};
		CF0FF5552E2DC68D00696336 /* Sources */ = {
			isa = PBXSourcesBuildPhase;
			buildActionMask = 2147483647;
			files = (
			);
			runOnlyForDeploymentPostprocessing = 0;
		};
/* End PBXSourcesBuildPhase section */

/* Begin PBXTargetDependency section */
		CF0FF55E2E2DC68D00696336 /* PBXTargetDependency */ = {
			isa = PBXTargetDependency;
			target = CF0FF4F22E2D310400696336 /* MLBusca */;
			targetProxy = CF0FF55D2E2DC68D00696336 /* PBXContainerItemProxy */;
		};
/* End PBXTargetDependency section */

/* Begin XCBuildConfiguration section */
		CF0FF5072E2D310600696336 /* Debug */ = {
			isa = XCBuildConfiguration;
			buildSettings = {
				ASSETCATALOG_COMPILER_APPICON_NAME = AppIcon;
				ASSETCATALOG_COMPILER_GLOBAL_ACCENT_COLOR_NAME = AccentColor;
				CODE_SIGN_STYLE = Automatic;
				CURRENT_PROJECT_VERSION = 1;
				DEVELOPMENT_TEAM = 2T9EKFYB5P;
				GENERATE_INFOPLIST_FILE = YES;
				INFOPLIST_FILE = MLBusca/Info.plist;
				INFOPLIST_KEY_UIApplicationSupportsIndirectInputEvents = YES;
				INFOPLIST_KEY_UILaunchStoryboardName = LaunchScreen;
				INFOPLIST_KEY_UISupportedInterfaceOrientations_iPad = "UIInterfaceOrientationPortrait UIInterfaceOrientationPortraitUpsideDown UIInterfaceOrientationLandscapeLeft UIInterfaceOrientationLandscapeRight";
				INFOPLIST_KEY_UISupportedInterfaceOrientations_iPhone = "UIInterfaceOrientationPortrait UIInterfaceOrientationLandscapeLeft UIInterfaceOrientationLandscapeRight";
				LD_RUNPATH_SEARCH_PATHS = (
					"$(inherited)",
					"@executable_path/Frameworks",
				);
				MARKETING_VERSION = 1.0;
				PRODUCT_BUNDLE_IDENTIFIER = com.rrghkf.MLBusca;
				PRODUCT_NAME = "$(TARGET_NAME)";
				SWIFT_EMIT_LOC_STRINGS = YES;
				SWIFT_VERSION = 5.0;
				TARGETED_DEVICE_FAMILY = "1,2";
			};
			name = Debug;
		};
		CF0FF5082E2D310600696336 /* Release */ = {
			isa = XCBuildConfiguration;
			buildSettings = {
				ASSETCATALOG_COMPILER_APPICON_NAME = AppIcon;
				ASSETCATALOG_COMPILER_GLOBAL_ACCENT_COLOR_NAME = AccentColor;
				CODE_SIGN_STYLE = Automatic;
				CURRENT_PROJECT_VERSION = 1;
				DEVELOPMENT_TEAM = 2T9EKFYB5P;
				GENERATE_INFOPLIST_FILE = YES;
				INFOPLIST_FILE = MLBusca/Info.plist;
				INFOPLIST_KEY_UIApplicationSupportsIndirectInputEvents = YES;
				INFOPLIST_KEY_UILaunchStoryboardName = LaunchScreen;
				INFOPLIST_KEY_UISupportedInterfaceOrientations_iPad = "UIInterfaceOrientationPortrait UIInterfaceOrientationPortraitUpsideDown UIInterfaceOrientationLandscapeLeft UIInterfaceOrientationLandscapeRight";
				INFOPLIST_KEY_UISupportedInterfaceOrientations_iPhone = "UIInterfaceOrientationPortrait UIInterfaceOrientationLandscapeLeft UIInterfaceOrientationLandscapeRight";
				LD_RUNPATH_SEARCH_PATHS = (
					"$(inherited)",
					"@executable_path/Frameworks",
				);
				MARKETING_VERSION = 1.0;
				PRODUCT_BUNDLE_IDENTIFIER = com.rrghkf.MLBusca;
				PRODUCT_NAME = "$(TARGET_NAME)";
				SWIFT_EMIT_LOC_STRINGS = YES;
				SWIFT_VERSION = 5.0;
				TARGETED_DEVICE_FAMILY = "1,2";
			};
			name = Release;
		};
		CF0FF5092E2D310600696336 /* Debug */ = {
			isa = XCBuildConfiguration;
			buildSettings = {
				ALWAYS_SEARCH_USER_PATHS = NO;
				ASSETCATALOG_COMPILER_GENERATE_SWIFT_ASSET_SYMBOL_EXTENSIONS = YES;
				CLANG_ANALYZER_NONNULL = YES;
				CLANG_ANALYZER_NUMBER_OBJECT_CONVERSION = YES_AGGRESSIVE;
				CLANG_CXX_LANGUAGE_STANDARD = "gnu++20";
				CLANG_ENABLE_MODULES = YES;
				CLANG_ENABLE_OBJC_ARC = YES;
				CLANG_ENABLE_OBJC_WEAK = YES;
				CLANG_WARN_BLOCK_CAPTURE_AUTORELEASING = YES;
				CLANG_WARN_BOOL_CONVERSION = YES;
				CLANG_WARN_COMMA = YES;
				CLANG_WARN_CONSTANT_CONVERSION = YES;
				CLANG_WARN_DEPRECATED_OBJC_IMPLEMENTATIONS = YES;
				CLANG_WARN_DIRECT_OBJC_ISA_USAGE = YES_ERROR;
				CLANG_WARN_DOCUMENTATION_COMMENTS = YES;
				CLANG_WARN_EMPTY_BODY = YES;
				CLANG_WARN_ENUM_CONVERSION = YES;
				CLANG_WARN_INFINITE_RECURSION = YES;
				CLANG_WARN_INT_CONVERSION = YES;
				CLANG_WARN_NON_LITERAL_NULL_CONVERSION = YES;
				CLANG_WARN_OBJC_IMPLICIT_RETAIN_SELF = YES;
				CLANG_WARN_OBJC_LITERAL_CONVERSION = YES;
				CLANG_WARN_OBJC_ROOT_CLASS = YES_ERROR;
				CLANG_WARN_QUOTED_INCLUDE_IN_FRAMEWORK_HEADER = YES;
				CLANG_WARN_RANGE_LOOP_ANALYSIS = YES;
				CLANG_WARN_STRICT_PROTOTYPES = YES;
				CLANG_WARN_SUSPICIOUS_MOVE = YES;
				CLANG_WARN_UNGUARDED_AVAILABILITY = YES_AGGRESSIVE;
				CLANG_WARN_UNREACHABLE_CODE = YES;
				CLANG_WARN__DUPLICATE_METHOD_MATCH = YES;
				COPY_PHASE_STRIP = NO;
				DEBUG_INFORMATION_FORMAT = dwarf;
				DEVELOPMENT_TEAM = 2T9EKFYB5P;
				ENABLE_STRICT_OBJC_MSGSEND = YES;
				ENABLE_TESTABILITY = YES;
				ENABLE_USER_SCRIPT_SANDBOXING = YES;
				GCC_C_LANGUAGE_STANDARD = gnu17;
				GCC_DYNAMIC_NO_PIC = NO;
				GCC_NO_COMMON_BLOCKS = YES;
				GCC_OPTIMIZATION_LEVEL = 0;
				GCC_PREPROCESSOR_DEFINITIONS = (
					"DEBUG=1",
					"$(inherited)",
				);
				GCC_WARN_64_TO_32_BIT_CONVERSION = YES;
				GCC_WARN_ABOUT_RETURN_TYPE = YES_ERROR;
				GCC_WARN_UNDECLARED_SELECTOR = YES;
				GCC_WARN_UNINITIALIZED_AUTOS = YES_AGGRESSIVE;
				GCC_WARN_UNUSED_FUNCTION = YES;
				GCC_WARN_UNUSED_VARIABLE = YES;
				IPHONEOS_DEPLOYMENT_TARGET = 18.4;
				LOCALIZATION_PREFERS_STRING_CATALOGS = YES;
				MTL_ENABLE_DEBUG_INFO = INCLUDE_SOURCE;
				MTL_FAST_MATH = YES;
				ONLY_ACTIVE_ARCH = YES;
				SDKROOT = iphoneos;
				SWIFT_ACTIVE_COMPILATION_CONDITIONS = "DEBUG $(inherited)";
				SWIFT_OPTIMIZATION_LEVEL = "-Onone";
			};
			name = Debug;
		};
		CF0FF50A2E2D310600696336 /* Release */ = {
			isa = XCBuildConfiguration;
			buildSettings = {
				ALWAYS_SEARCH_USER_PATHS = NO;
				ASSETCATALOG_COMPILER_GENERATE_SWIFT_ASSET_SYMBOL_EXTENSIONS = YES;
				CLANG_ANALYZER_NONNULL = YES;
				CLANG_ANALYZER_NUMBER_OBJECT_CONVERSION = YES_AGGRESSIVE;
				CLANG_CXX_LANGUAGE_STANDARD = "gnu++20";
				CLANG_ENABLE_MODULES = YES;
				CLANG_ENABLE_OBJC_ARC = YES;
				CLANG_ENABLE_OBJC_WEAK = YES;
				CLANG_WARN_BLOCK_CAPTURE_AUTORELEASING = YES;
				CLANG_WARN_BOOL_CONVERSION = YES;
				CLANG_WARN_COMMA = YES;
				CLANG_WARN_CONSTANT_CONVERSION = YES;
				CLANG_WARN_DEPRECATED_OBJC_IMPLEMENTATIONS = YES;
				CLANG_WARN_DIRECT_OBJC_ISA_USAGE = YES_ERROR;
				CLANG_WARN_DOCUMENTATION_COMMENTS = YES;
				CLANG_WARN_EMPTY_BODY = YES;
				CLANG_WARN_ENUM_CONVERSION = YES;
				CLANG_WARN_INFINITE_RECURSION = YES;
				CLANG_WARN_INT_CONVERSION = YES;
				CLANG_WARN_NON_LITERAL_NULL_CONVERSION = YES;
				CLANG_WARN_OBJC_IMPLICIT_RETAIN_SELF = YES;
				CLANG_WARN_OBJC_LITERAL_CONVERSION = YES;
				CLANG_WARN_OBJC_ROOT_CLASS = YES_ERROR;
				CLANG_WARN_QUOTED_INCLUDE_IN_FRAMEWORK_HEADER = YES;
				CLANG_WARN_RANGE_LOOP_ANALYSIS = YES;
				CLANG_WARN_STRICT_PROTOTYPES = YES;
				CLANG_WARN_SUSPICIOUS_MOVE = YES;
				CLANG_WARN_UNGUARDED_AVAILABILITY = YES_AGGRESSIVE;
				CLANG_WARN_UNREACHABLE_CODE = YES;
				CLANG_WARN__DUPLICATE_METHOD_MATCH = YES;
				COPY_PHASE_STRIP = NO;
				DEBUG_INFORMATION_FORMAT = "dwarf-with-dsym";
				DEVELOPMENT_TEAM = 2T9EKFYB5P;
				ENABLE_NS_ASSERTIONS = NO;
				ENABLE_STRICT_OBJC_MSGSEND = YES;
				ENABLE_USER_SCRIPT_SANDBOXING = YES;
				GCC_C_LANGUAGE_STANDARD = gnu17;
				GCC_NO_COMMON_BLOCKS = YES;
				GCC_WARN_64_TO_32_BIT_CONVERSION = YES;
				GCC_WARN_ABOUT_RETURN_TYPE = YES_ERROR;
				GCC_WARN_UNDECLARED_SELECTOR = YES;
				GCC_WARN_UNINITIALIZED_AUTOS = YES_AGGRESSIVE;
				GCC_WARN_UNUSED_FUNCTION = YES;
				GCC_WARN_UNUSED_VARIABLE = YES;
				IPHONEOS_DEPLOYMENT_TARGET = 18.4;
				LOCALIZATION_PREFERS_STRING_CATALOGS = YES;
				MTL_ENABLE_DEBUG_INFO = NO;
				MTL_FAST_MATH = YES;
				SDKROOT = iphoneos;
				SWIFT_COMPILATION_MODE = wholemodule;
				VALIDATE_PRODUCT = YES;
			};
			name = Release;
		};
		CF0FF5602E2DC68D00696336 /* Debug */ = {
			isa = XCBuildConfiguration;
			buildSettings = {
				BUNDLE_LOADER = "$(TEST_HOST)";
				CODE_SIGN_STYLE = Automatic;
				CURRENT_PROJECT_VERSION = 1;
				DEVELOPMENT_TEAM = 2T9EKFYB5P;
				GENERATE_INFOPLIST_FILE = YES;
				MARKETING_VERSION = 1.0;
				PRODUCT_BUNDLE_IDENTIFIER = com.rrghkf.MLBuscaTests;
				PRODUCT_NAME = "$(TARGET_NAME)";
				SWIFT_EMIT_LOC_STRINGS = NO;
				SWIFT_VERSION = 5.0;
				TARGETED_DEVICE_FAMILY = "1,2";
				TEST_HOST = "$(BUILT_PRODUCTS_DIR)/MLBusca.app/$(BUNDLE_EXECUTABLE_FOLDER_PATH)/MLBusca";
			};
			name = Debug;
		};
		CF0FF5612E2DC68D00696336 /* Release */ = {
			isa = XCBuildConfiguration;
			buildSettings = {
				BUNDLE_LOADER = "$(TEST_HOST)";
				CODE_SIGN_STYLE = Automatic;
				CURRENT_PROJECT_VERSION = 1;
				DEVELOPMENT_TEAM = 2T9EKFYB5P;
				GENERATE_INFOPLIST_FILE = YES;
				MARKETING_VERSION = 1.0;
				PRODUCT_BUNDLE_IDENTIFIER = com.rrghkf.MLBuscaTests;
				PRODUCT_NAME = "$(TARGET_NAME)";
				SWIFT_EMIT_LOC_STRINGS = NO;
				SWIFT_VERSION = 5.0;
				TARGETED_DEVICE_FAMILY = "1,2";
				TEST_HOST = "$(BUILT_PRODUCTS_DIR)/MLBusca.app/$(BUNDLE_EXECUTABLE_FOLDER_PATH)/MLBusca";
			};
			name = Release;
		};
/* End XCBuildConfiguration section */

/* Begin XCConfigurationList section */
		CF0FF4EE2E2D310400696336 /* Build configuration list for PBXProject "MLBusca" */ = {
			isa = XCConfigurationList;
			buildConfigurations = (
				CF0FF5092E2D310600696336 /* Debug */,
				CF0FF50A2E2D310600696336 /* Release */,
			);
			defaultConfigurationIsVisible = 0;
			defaultConfigurationName = Release;
		};
		CF0FF5062E2D310600696336 /* Build configuration list for PBXNativeTarget "MLBusca" */ = {
			isa = XCConfigurationList;
			buildConfigurations = (
				CF0FF5072E2D310600696336 /* Debug */,
				CF0FF5082E2D310600696336 /* Release */,
			);
			defaultConfigurationIsVisible = 0;
			defaultConfigurationName = Release;
		};
		CF0FF55F2E2DC68D00696336 /* Build configuration list for PBXNativeTarget "MLBuscaTests" */ = {
			isa = XCConfigurationList;
			buildConfigurations = (
				CF0FF5602E2DC68D00696336 /* Debug */,
				CF0FF5612E2DC68D00696336 /* Release */,
			);
			defaultConfigurationIsVisible = 0;
			defaultConfigurationName = Release;
		};
/* End XCConfigurationList section */
	};
	rootObject = CF0FF4EB2E2D310400696336 /* Project object */;
}
